Microsoft Visual Studio Solution File, Format Version 11.00
# Visual Studio 2008

Project("{EE7B25C4-FB0A-140C-BB12-2B6024A175F8}") = "Planetarium", "Assembly-CSharp-firstpass.csproj", "{A1B8CECB-F0B2-6490-7E1C-95CB5154BB90}"
EndProject
Project("{EE7B25C4-FB0A-140C-BB12-2B6024A175F8}") = "Planetarium", "Assembly-CSharp.csproj", "{9805227F-D7E8-843F-A855-4876B108B989}"
EndProject
Project("{EE7B25C4-FB0A-140C-BB12-2B6024A175F8}") = "Planetarium", "Assembly-CSharp-Editor.csproj", "{9BB05612-F792-B086-A9B8-46BFD797D8C6}"
EndProject
Global
	GlobalSection(SolutionConfigurationPlatforms) = preSolution
		Debug|Any CPU = Debug|Any CPU
		Release|Any CPU = Release|Any CPU
	EndGlobalSection
	GlobalSection(ProjectConfigurationPlatforms) = postSolution
		{A1B8CECB-F0B2-6490-7E1C-95CB5154BB90}.Debug|Any CPU.ActiveCfg = Debug|Any CPU
		{A1B8CECB-F0B2-6490-7E1C-95CB5154BB90}.Debug|Any CPU.Build.0 = Debug|Any CPU
		{A1B8CECB-F0B2-6490-7E1C-95CB5154BB90}.Release|Any CPU.ActiveCfg = Release|Any CPU
		{A1B8CECB-F0B2-6490-7E1C-95CB5154BB90}.Release|Any CPU.Build.0 = Release|Any CPU
		{9805227F-D7E8-843F-A855-4876B108B989}.Debug|Any CPU.ActiveCfg = Debug|Any CPU
		{9805227F-D7E8-843F-A855-4876B108B989}.Debug|Any CPU.Build.0 = Debug|Any CPU
		{9805227F-D7E8-843F-A855-4876B108B989}.Release|Any CPU.ActiveCfg = Release|Any CPU
		{9805227F-D7E8-843F-A855-4876B108B989}.Release|Any CPU.Build.0 = Release|Any CPU
		{9BB05612-F792-B086-A9B8-46BFD797D8C6}.Debug|Any CPU.ActiveCfg = Debug|Any CPU
		{9BB05612-F792-B086-A9B8-46BFD797D8C6}.Debug|Any CPU.Build.0 = Debug|Any CPU
		{9BB05612-F792-B086-A9B8-46BFD797D8C6}.Release|Any CPU.ActiveCfg = Release|Any CPU
		{9BB05612-F792-B086-A9B8-46BFD797D8C6}.Release|Any CPU.Build.0 = Release|Any CPU
	EndGlobalSection
	GlobalSection(SolutionProperties) = preSolution
		HideSolutionNode = FALSE
	EndGlobalSection
	GlobalSection(MonoDevelopProperties) = preSolution
		StartupItem = Assembly-CSharp.csproj
	EndGlobalSection
EndGlobal
